
Microsoft Visual Studio Solution File, Format Version 12.00
# Visual Studio Version 17
VisualStudioVersion = 17.6.33723.286
MinimumVisualStudioVersion = 10.0.40219.1
Project("{9A19103F-16F7-4668-BE54-9A1E7A4F7556}") = "123Api", "123Api.csproj", "{0CD0BED4-1894-4C9B-8498-B4708B37944D}"
EndProject
Project("{FAE04EC0-301F-11D3-BF4B-00C04F79EFBC}") = "Api.db", "..\Api.db\Api.db.csproj", "{C333772B-DF33-436D-976A-D7645497DE29}"
EndProject
Global
	GlobalSection(SolutionConfigurationPlatforms) = preSolution
		Debug|Any CPU = Debug|Any CPU
		Release|Any CPU = Release|Any CPU
	EndGlobalSection
	GlobalSection(ProjectConfigurationPlatforms) = postSolution
		{0CD0BED4-1894-4C9B-8498-B4708B37944D}.Debug|Any CPU.ActiveCfg = Debug|Any CPU
		{0CD0BED4-1894-4C9B-8498-B4708B37944D}.Debug|Any CPU.Build.0 = Debug|Any CPU
		{0CD0BED4-1894-4C9B-8498-B4708B37944D}.Release|Any CPU.ActiveCfg = Release|Any CPU
		{0CD0BED4-1894-4C9B-8498-B4708B37944D}.Release|Any CPU.Build.0 = Release|Any CPU
		{C333772B-DF33-436D-976A-D7645497DE29}.Debug|Any CPU.ActiveCfg = Debug|Any CPU
		{C333772B-DF33-436D-976A-D7645497DE29}.Debug|Any CPU.Build.0 = Debug|Any CPU
		{C333772B-DF33-436D-976A-D7645497DE29}.Release|Any CPU.ActiveCfg = Release|Any CPU
		{C333772B-DF33-436D-976A-D7645497DE29}.Release|Any CPU.Build.0 = Release|Any CPU
	EndGlobalSection
	GlobalSection(SolutionProperties) = preSolution
		HideSolutionNode = FALSE
	EndGlobalSection
	GlobalSection(ExtensibilityGlobals) = postSolution
		SolutionGuid = {7D520BA1-6268-4465-89EF-93D6EE7624DA}
	EndGlobalSection
EndGlobal
